
Microsoft Visual Studio Solution File, Format Version 12.00
# Visual Studio Version 17
VisualStudioVersion = 17.0.31903.59
MinimumVisualStudioVersion = 10.0.40219.1
Project("{2150E333-8FDC-42A3-9474-1A3956D46DE8}") = "Solution Items", "Solution Items", "{8F6FBA6B-AAFB-4D46-B268-67723BD20E6D}"
	ProjectSection(SolutionItems) = preProject
		..\.editorconfig = ..\.editorconfig
		..\.gitattributes = ..\.gitattributes
		..\.gitignore = ..\.gitignore
	EndProjectSection
EndProject
Project("{2150E333-8FDC-42A3-9474-1A3956D46DE8}") = "01 - Testes de Unidade", "01 - Testes de Unidade", "{DC6E011B-C606-4068-B6D3-5F559EEE692B}"
EndProject
Project("{2150E333-8FDC-42A3-9474-1A3956D46DE8}") = "Testes Basicos", "Testes Basicos", "{52BE4966-1D02-4263-B82E-C150D5959739}"
EndProject
Project("{9A19103F-16F7-4668-BE54-9A1E7A4F7556}") = "Demo", "src\Demo\Demo.csproj", "{985E9F06-6D52-4A6E-8CAF-DDA08FBAE4BB}"
EndProject
Project("{9A19103F-16F7-4668-BE54-9A1E7A4F7556}") = "Demo.Tests", "tests\Demo.Tests\Demo.Tests.csproj", "{5DE56EE8-69DD-4B80-BC46-9717D0F2A012}"
EndProject
Project("{2150E333-8FDC-42A3-9474-1A3956D46DE8}") = "02 - Features", "02 - Features", "{5FE2595B-0F42-4F91-B71D-0E45957E7BB2}"
EndProject
Project("{9A19103F-16F7-4668-BE54-9A1E7A4F7556}") = "Features", "src\Features\Features.csproj", "{4959D776-630E-4F07-B5EB-9948677490E4}"
EndProject
Project("{9A19103F-16F7-4668-BE54-9A1E7A4F7556}") = "Features.Tests", "tests\Features.Tests\Features.Tests.csproj", "{C52E9C17-03F5-4073-B5B5-872E18FBF2ED}"
EndProject
Project("{2150E333-8FDC-42A3-9474-1A3956D46DE8}") = "Testes de Unidade", "Testes de Unidade", "{3BD02372-85FA-4E73-95F0-FF373763463F}"
EndProject
Project("{2150E333-8FDC-42A3-9474-1A3956D46DE8}") = "TDD", "TDD", "{8A802F31-86E0-45C7-BC46-D9A242CCB6B7}"
EndProject
Project("{2150E333-8FDC-42A3-9474-1A3956D46DE8}") = "Tests", "Tests", "{EAFBFF32-7BB2-4C7F-9C19-40C225113AFB}"
EndProject
Project("{FAE04EC0-301F-11D3-BF4B-00C04F79EFBC}") = "NerdStore.Vendas.Application.Tests", "tests\NerdStore.Vendas.Application.Tests\NerdStore.Vendas.Application.Tests.csproj", "{D0AB7DBB-B62C-49C1-B36A-467CDC7FD6BD}"
EndProject
Project("{FAE04EC0-301F-11D3-BF4B-00C04F79EFBC}") = "NerdStore.Vendas.Domain.Tests", "tests\NerdStore.Vendas.Domain.Tests\NerdStore.Vendas.Domain.Tests.csproj", "{A6560B8D-F9C9-4473-9CFF-CD3BA46E40CA}"
EndProject
Project("{FAE04EC0-301F-11D3-BF4B-00C04F79EFBC}") = "NerdStore.Vendas.Domain", "src\NerdStore.Vendas.Domain\NerdStore.Vendas.Domain.csproj", "{2798F5F8-0845-4520-8485-7F649F65BD3F}"
EndProject
Project("{9A19103F-16F7-4668-BE54-9A1E7A4F7556}") = "NerdStore.Core", "src\NerdStore.Core\NerdStore.Core.csproj", "{8786D786-338E-4EAA-A460-2A5E25A37C61}"
EndProject
Project("{9A19103F-16F7-4668-BE54-9A1E7A4F7556}") = "NerdStore.Vendas.Application", "src\NerdStore.Vendas.Application\NerdStore.Vendas.Application.csproj", "{CCB6FAAF-6429-4FF0-9E8D-8D2277258B8F}"
EndProject
Project("{9A19103F-16F7-4668-BE54-9A1E7A4F7556}") = "NerdStore.Vendas.Data", "src\NerdStore.Vendas.Data\NerdStore.Vendas.Data.csproj", "{57820D16-B7CA-4F82-B344-755F5611B566}"
EndProject
Global
	GlobalSection(SolutionConfigurationPlatforms) = preSolution
		Debug|Any CPU = Debug|Any CPU
		Release|Any CPU = Release|Any CPU
	EndGlobalSection
	GlobalSection(ProjectConfigurationPlatforms) = postSolution
		{985E9F06-6D52-4A6E-8CAF-DDA08FBAE4BB}.Debug|Any CPU.ActiveCfg = Debug|Any CPU
		{985E9F06-6D52-4A6E-8CAF-DDA08FBAE4BB}.Debug|Any CPU.Build.0 = Debug|Any CPU
		{985E9F06-6D52-4A6E-8CAF-DDA08FBAE4BB}.Release|Any CPU.ActiveCfg = Release|Any CPU
		{985E9F06-6D52-4A6E-8CAF-DDA08FBAE4BB}.Release|Any CPU.Build.0 = Release|Any CPU
		{5DE56EE8-69DD-4B80-BC46-9717D0F2A012}.Debug|Any CPU.ActiveCfg = Debug|Any CPU
		{5DE56EE8-69DD-4B80-BC46-9717D0F2A012}.Debug|Any CPU.Build.0 = Debug|Any CPU
		{5DE56EE8-69DD-4B80-BC46-9717D0F2A012}.Release|Any CPU.ActiveCfg = Release|Any CPU
		{5DE56EE8-69DD-4B80-BC46-9717D0F2A012}.Release|Any CPU.Build.0 = Release|Any CPU
		{4959D776-630E-4F07-B5EB-9948677490E4}.Debug|Any CPU.ActiveCfg = Debug|Any CPU
		{4959D776-630E-4F07-B5EB-9948677490E4}.Debug|Any CPU.Build.0 = Debug|Any CPU
		{4959D776-630E-4F07-B5EB-9948677490E4}.Release|Any CPU.ActiveCfg = Release|Any CPU
		{4959D776-630E-4F07-B5EB-9948677490E4}.Release|Any CPU.Build.0 = Release|Any CPU
		{C52E9C17-03F5-4073-B5B5-872E18FBF2ED}.Debug|Any CPU.ActiveCfg = Debug|Any CPU
		{C52E9C17-03F5-4073-B5B5-872E18FBF2ED}.Debug|Any CPU.Build.0 = Debug|Any CPU
		{C52E9C17-03F5-4073-B5B5-872E18FBF2ED}.Release|Any CPU.ActiveCfg = Release|Any CPU
		{C52E9C17-03F5-4073-B5B5-872E18FBF2ED}.Release|Any CPU.Build.0 = Release|Any CPU
		{D0AB7DBB-B62C-49C1-B36A-467CDC7FD6BD}.Debug|Any CPU.ActiveCfg = Debug|Any CPU
		{D0AB7DBB-B62C-49C1-B36A-467CDC7FD6BD}.Debug|Any CPU.Build.0 = Debug|Any CPU
		{D0AB7DBB-B62C-49C1-B36A-467CDC7FD6BD}.Release|Any CPU.ActiveCfg = Release|Any CPU
		{D0AB7DBB-B62C-49C1-B36A-467CDC7FD6BD}.Release|Any CPU.Build.0 = Release|Any CPU
		{A6560B8D-F9C9-4473-9CFF-CD3BA46E40CA}.Debug|Any CPU.ActiveCfg = Debug|Any CPU
		{A6560B8D-F9C9-4473-9CFF-CD3BA46E40CA}.Debug|Any CPU.Build.0 = Debug|Any CPU
		{A6560B8D-F9C9-4473-9CFF-CD3BA46E40CA}.Release|Any CPU.ActiveCfg = Release|Any CPU
		{A6560B8D-F9C9-4473-9CFF-CD3BA46E40CA}.Release|Any CPU.Build.0 = Release|Any CPU
		{2798F5F8-0845-4520-8485-7F649F65BD3F}.Debug|Any CPU.ActiveCfg = Debug|Any CPU
		{2798F5F8-0845-4520-8485-7F649F65BD3F}.Debug|Any CPU.Build.0 = Debug|Any CPU
		{2798F5F8-0845-4520-8485-7F649F65BD3F}.Release|Any CPU.ActiveCfg = Release|Any CPU
		{2798F5F8-0845-4520-8485-7F649F65BD3F}.Release|Any CPU.Build.0 = Release|Any CPU
		{8786D786-338E-4EAA-A460-2A5E25A37C61}.Debug|Any CPU.ActiveCfg = Debug|Any CPU
		{8786D786-338E-4EAA-A460-2A5E25A37C61}.Debug|Any CPU.Build.0 = Debug|Any CPU
		{8786D786-338E-4EAA-A460-2A5E25A37C61}.Release|Any CPU.ActiveCfg = Release|Any CPU
		{8786D786-338E-4EAA-A460-2A5E25A37C61}.Release|Any CPU.Build.0 = Release|Any CPU
		{CCB6FAAF-6429-4FF0-9E8D-8D2277258B8F}.Debug|Any CPU.ActiveCfg = Debug|Any CPU
		{CCB6FAAF-6429-4FF0-9E8D-8D2277258B8F}.Debug|Any CPU.Build.0 = Debug|Any CPU
		{CCB6FAAF-6429-4FF0-9E8D-8D2277258B8F}.Release|Any CPU.ActiveCfg = Release|Any CPU
		{CCB6FAAF-6429-4FF0-9E8D-8D2277258B8F}.Release|Any CPU.Build.0 = Release|Any CPU
		{57820D16-B7CA-4F82-B344-755F5611B566}.Debug|Any CPU.ActiveCfg = Debug|Any CPU
		{57820D16-B7CA-4F82-B344-755F5611B566}.Debug|Any CPU.Build.0 = Debug|Any CPU
		{57820D16-B7CA-4F82-B344-755F5611B566}.Release|Any CPU.ActiveCfg = Release|Any CPU
		{57820D16-B7CA-4F82-B344-755F5611B566}.Release|Any CPU.Build.0 = Release|Any CPU
	EndGlobalSection
	GlobalSection(SolutionProperties) = preSolution
		HideSolutionNode = FALSE
	EndGlobalSection
	GlobalSection(NestedProjects) = preSolution
		{DC6E011B-C606-4068-B6D3-5F559EEE692B} = {3BD02372-85FA-4E73-95F0-FF373763463F}
		{52BE4966-1D02-4263-B82E-C150D5959739} = {DC6E011B-C606-4068-B6D3-5F559EEE692B}
		{985E9F06-6D52-4A6E-8CAF-DDA08FBAE4BB} = {52BE4966-1D02-4263-B82E-C150D5959739}
		{5DE56EE8-69DD-4B80-BC46-9717D0F2A012} = {52BE4966-1D02-4263-B82E-C150D5959739}
		{5FE2595B-0F42-4F91-B71D-0E45957E7BB2} = {3BD02372-85FA-4E73-95F0-FF373763463F}
		{4959D776-630E-4F07-B5EB-9948677490E4} = {5FE2595B-0F42-4F91-B71D-0E45957E7BB2}
		{C52E9C17-03F5-4073-B5B5-872E18FBF2ED} = {5FE2595B-0F42-4F91-B71D-0E45957E7BB2}
		{EAFBFF32-7BB2-4C7F-9C19-40C225113AFB} = {8A802F31-86E0-45C7-BC46-D9A242CCB6B7}
		{D0AB7DBB-B62C-49C1-B36A-467CDC7FD6BD} = {EAFBFF32-7BB2-4C7F-9C19-40C225113AFB}
		{A6560B8D-F9C9-4473-9CFF-CD3BA46E40CA} = {EAFBFF32-7BB2-4C7F-9C19-40C225113AFB}
		{2798F5F8-0845-4520-8485-7F649F65BD3F} = {8A802F31-86E0-45C7-BC46-D9A242CCB6B7}
		{8786D786-338E-4EAA-A460-2A5E25A37C61} = {8A802F31-86E0-45C7-BC46-D9A242CCB6B7}
		{CCB6FAAF-6429-4FF0-9E8D-8D2277258B8F} = {8A802F31-86E0-45C7-BC46-D9A242CCB6B7}
		{57820D16-B7CA-4F82-B344-755F5611B566} = {8A802F31-86E0-45C7-BC46-D9A242CCB6B7}
	EndGlobalSection
	GlobalSection(ExtensibilityGlobals) = postSolution
		SolutionGuid = {720BE63F-96F4-401B-94F6-0F31D97FC122}
	EndGlobalSection
EndGlobal
